
Microsoft Visual Studio Solution File, Format Version 12.00
# Visual Studio Version 17
VisualStudioVersion = 17.9.34728.123
MinimumVisualStudioVersion = 10.0.40219.1
Project("{8BC9CEB8-8B4A-11D0-8D11-00A0C91BC942}") = "Vector_Class", "Vector_Class.vcxproj", "{253A2466-B49C-486A-87C1-49F18B33032C}"
EndProject
Global
	GlobalSection(SolutionConfigurationPlatforms) = preSolution
		Debug|x64 = Debug|x64
		Debug|x86 = Debug|x86
		Release|x64 = Release|x64
		Release|x86 = Release|x86
	EndGlobalSection
	GlobalSection(ProjectConfigurationPlatforms) = postSolution
		{253A2466-B49C-486A-87C1-49F18B33032C}.Debug|x64.ActiveCfg = Debug|x64
		{253A2466-B49C-486A-87C1-49F18B33032C}.Debug|x64.Build.0 = Debug|x64
		{253A2466-B49C-486A-87C1-49F18B33032C}.Debug|x86.ActiveCfg = Debug|Win32
		{253A2466-B49C-486A-87C1-49F18B33032C}.Debug|x86.Build.0 = Debug|Win32
		{253A2466-B49C-486A-87C1-49F18B33032C}.Release|x64.ActiveCfg = Release|x64
		{253A2466-B49C-486A-87C1-49F18B33032C}.Release|x64.Build.0 = Release|x64
		{253A2466-B49C-486A-87C1-49F18B33032C}.Release|x86.ActiveCfg = Release|Win32
		{253A2466-B49C-486A-87C1-49F18B33032C}.Release|x86.Build.0 = Release|Win32
	EndGlobalSection
	GlobalSection(SolutionProperties) = preSolution
		HideSolutionNode = FALSE
	EndGlobalSection
	GlobalSection(ExtensibilityGlobals) = postSolution
		SolutionGuid = {A97F5F5E-3339-4BF6-80E7-61A2984E30DA}
	EndGlobalSection
EndGlobal
